{
  "version": 4,
  "terraform_version": "1.8.2",
  "serial": 10,
  "lineage": "c1dc9280-9876-d532-56e6-81365668c56b",
  "outputs": {},
  "resources": [
    {
      "mode": "managed",
      "type": "newrelic_synthetics_private_location",
      "name": "location",
      "provider": "provider[\"registry.terraform.io/newrelic/newrelic\"]",
      "instances": [
        {
          "schema_version": 0,
          "attributes": {
            "account_id": 4422835,
            "description": "Example private location",
            "domain_id": "112663e9-78bc-4cf6-bd00-1012f5d94f66",
            "guid": "NDQyMjgzNXxTWU5USHxQUklWQVRFX0xPQ0FUSU9OfDExMjY2M2U5LTc4YmMtNGNmNi1iZDAwLTEwMTJmNWQ5NGY2Ng",
            "id": "NDQyMjgzNXxTWU5USHxQUklWQVRFX0xPQ0FUSU9OfDExMjY2M2U5LTc4YmMtNGNmNi1iZDAwLTEwMTJmNWQ5NGY2Ng",
            "key": "NRSP-us01F2320896A4BEF6E1837BB42B444F50D",
            "location_id": "4422835-private_location-967",
            "name": "private-location",
            "verified_script_execution": false
          },
          "sensitive_attributes": [],
          "private": "bnVsbA=="
        }
      ]
    }
  ],
  "check_results": null
}
